
Microsoft Visual Studio Solution File, Format Version 12.00
# Visual Studio 15
Project("{FAE04EC0-301F-11D3-BF4B-00C04F79EFBC}") = "SteamVR", "SteamVR.csproj", "{97EEC417-29A1-1A7C-E193-C531357E9FEA}"
EndProject
Project("{FAE04EC0-301F-11D3-BF4B-00C04F79EFBC}") = "SteamVR_Input_Editor", "SteamVR_Input_Editor.csproj", "{CA66B2A1-A4B0-4E0D-4E6B-9A1B2381760E}"
EndProject
Project("{FAE04EC0-301F-11D3-BF4B-00C04F79EFBC}") = "SteamVR_Editor", "SteamVR_Editor.csproj", "{F7025773-22E7-F8BB-9D19-3675B21B1203}"
EndProject
Project("{FAE04EC0-301F-11D3-BF4B-00C04F79EFBC}") = "SteamVR_Windows_EditorHelper", "SteamVR_Windows_EditorHelper.csproj", "{86C01568-9241-2005-23DC-CDBB05ED9D76}"
EndProject
Global
	GlobalSection(SolutionConfigurationPlatforms) = preSolution
		Debug|Any CPU = Debug|Any CPU
		Release|Any CPU = Release|Any CPU
	EndGlobalSection
	GlobalSection(ProjectConfigurationPlatforms) = postSolution
		{97EEC417-29A1-1A7C-E193-C531357E9FEA}.Debug|Any CPU.ActiveCfg = Debug|Any CPU
		{97EEC417-29A1-1A7C-E193-C531357E9FEA}.Debug|Any CPU.Build.0 = Debug|Any CPU
		{97EEC417-29A1-1A7C-E193-C531357E9FEA}.Release|Any CPU.ActiveCfg = Release|Any CPU
		{97EEC417-29A1-1A7C-E193-C531357E9FEA}.Release|Any CPU.Build.0 = Release|Any CPU
		{CA66B2A1-A4B0-4E0D-4E6B-9A1B2381760E}.Debug|Any CPU.ActiveCfg = Debug|Any CPU
		{CA66B2A1-A4B0-4E0D-4E6B-9A1B2381760E}.Debug|Any CPU.Build.0 = Debug|Any CPU
		{CA66B2A1-A4B0-4E0D-4E6B-9A1B2381760E}.Release|Any CPU.ActiveCfg = Release|Any CPU
		{CA66B2A1-A4B0-4E0D-4E6B-9A1B2381760E}.Release|Any CPU.Build.0 = Release|Any CPU
		{F7025773-22E7-F8BB-9D19-3675B21B1203}.Debug|Any CPU.ActiveCfg = Debug|Any CPU
		{F7025773-22E7-F8BB-9D19-3675B21B1203}.Debug|Any CPU.Build.0 = Debug|Any CPU
		{F7025773-22E7-F8BB-9D19-3675B21B1203}.Release|Any CPU.ActiveCfg = Release|Any CPU
		{F7025773-22E7-F8BB-9D19-3675B21B1203}.Release|Any CPU.Build.0 = Release|Any CPU
		{86C01568-9241-2005-23DC-CDBB05ED9D76}.Debug|Any CPU.ActiveCfg = Debug|Any CPU
		{86C01568-9241-2005-23DC-CDBB05ED9D76}.Debug|Any CPU.Build.0 = Debug|Any CPU
		{86C01568-9241-2005-23DC-CDBB05ED9D76}.Release|Any CPU.ActiveCfg = Release|Any CPU
		{86C01568-9241-2005-23DC-CDBB05ED9D76}.Release|Any CPU.Build.0 = Release|Any CPU
	EndGlobalSection
	GlobalSection(SolutionProperties) = preSolution
		HideSolutionNode = FALSE
	EndGlobalSection
EndGlobal
